
Microsoft Visual Studio Solution File, Format Version 12.00
# Visual Studio 2012
Project("{8BC9CEB8-8B4A-11D0-8D11-00A0C91BC942}") = "dprofiler", "dprofiler\dprofiler.vcxproj", "{3C9A4168-CF34-40C8-999F-691AA9458A33}"
	ProjectSection(ProjectDependencies) = postProject
		{B8181C0E-DF65-4295-A415-8356A111F0D6} = {B8181C0E-DF65-4295-A415-8356A111F0D6}
		{B67CB85F-CE82-4B85-BA19-0130BAF9651F} = {B67CB85F-CE82-4B85-BA19-0130BAF9651F}
		{C8037896-9049-4D1D-B0C2-170C3B7602EA} = {C8037896-9049-4D1D-B0C2-170C3B7602EA}
	EndProjectSection
EndProject
Project("{8BC9CEB8-8B4A-11D0-8D11-00A0C91BC942}") = "apsbtr", "apsbtr\apsbtr.vcxproj", "{C8037896-9049-4D1D-B0C2-170C3B7602EA}"
EndProject
Project("{8BC9CEB8-8B4A-11D0-8D11-00A0C91BC942}") = "apspf", "apspf\apspf.vcxproj", "{B67CB85F-CE82-4B85-BA19-0130BAF9651F}"
	ProjectSection(ProjectDependencies) = postProject
		{C8037896-9049-4D1D-B0C2-170C3B7602EA} = {C8037896-9049-4D1D-B0C2-170C3B7602EA}
	EndProjectSection
EndProject
Project("{8BC9CEB8-8B4A-11D0-8D11-00A0C91BC942}") = "sqlite", "sqlite\sqlite.vcxproj", "{B8181C0E-DF65-4295-A415-8356A111F0D6}"
EndProject
Global
	GlobalSection(SolutionConfigurationPlatforms) = preSolution
		Debug|Mixed Platforms = Debug|Mixed Platforms
		Debug|Win32 = Debug|Win32
		Debug|x64 = Debug|x64
		Release|Mixed Platforms = Release|Mixed Platforms
		Release|Win32 = Release|Win32
		Release|x64 = Release|x64
	EndGlobalSection
	GlobalSection(ProjectConfigurationPlatforms) = postSolution
		{3C9A4168-CF34-40C8-999F-691AA9458A33}.Debug|Mixed Platforms.ActiveCfg = Debug|Win32
		{3C9A4168-CF34-40C8-999F-691AA9458A33}.Debug|Mixed Platforms.Build.0 = Debug|Win32
		{3C9A4168-CF34-40C8-999F-691AA9458A33}.Debug|Win32.ActiveCfg = Debug|Win32
		{3C9A4168-CF34-40C8-999F-691AA9458A33}.Debug|Win32.Build.0 = Debug|Win32
		{3C9A4168-CF34-40C8-999F-691AA9458A33}.Debug|x64.ActiveCfg = Debug|x64
		{3C9A4168-CF34-40C8-999F-691AA9458A33}.Debug|x64.Build.0 = Debug|x64
		{3C9A4168-CF34-40C8-999F-691AA9458A33}.Release|Mixed Platforms.ActiveCfg = Release|Win32
		{3C9A4168-CF34-40C8-999F-691AA9458A33}.Release|Mixed Platforms.Build.0 = Release|Win32
		{3C9A4168-CF34-40C8-999F-691AA9458A33}.Release|Win32.ActiveCfg = Release|Win32
		{3C9A4168-CF34-40C8-999F-691AA9458A33}.Release|Win32.Build.0 = Release|Win32
		{3C9A4168-CF34-40C8-999F-691AA9458A33}.Release|x64.ActiveCfg = Release|x64
		{3C9A4168-CF34-40C8-999F-691AA9458A33}.Release|x64.Build.0 = Release|x64
		{C8037896-9049-4D1D-B0C2-170C3B7602EA}.Debug|Mixed Platforms.ActiveCfg = Debug|Win32
		{C8037896-9049-4D1D-B0C2-170C3B7602EA}.Debug|Mixed Platforms.Build.0 = Debug|Win32
		{C8037896-9049-4D1D-B0C2-170C3B7602EA}.Debug|Win32.ActiveCfg = Debug|Win32
		{C8037896-9049-4D1D-B0C2-170C3B7602EA}.Debug|Win32.Build.0 = Debug|Win32
		{C8037896-9049-4D1D-B0C2-170C3B7602EA}.Debug|x64.ActiveCfg = Debug|x64
		{C8037896-9049-4D1D-B0C2-170C3B7602EA}.Debug|x64.Build.0 = Debug|x64
		{C8037896-9049-4D1D-B0C2-170C3B7602EA}.Release|Mixed Platforms.ActiveCfg = Release|Win32
		{C8037896-9049-4D1D-B0C2-170C3B7602EA}.Release|Mixed Platforms.Build.0 = Release|Win32
		{C8037896-9049-4D1D-B0C2-170C3B7602EA}.Release|Win32.ActiveCfg = Release|Win32
		{C8037896-9049-4D1D-B0C2-170C3B7602EA}.Release|Win32.Build.0 = Release|Win32
		{C8037896-9049-4D1D-B0C2-170C3B7602EA}.Release|x64.ActiveCfg = Release|x64
		{C8037896-9049-4D1D-B0C2-170C3B7602EA}.Release|x64.Build.0 = Release|x64
		{B67CB85F-CE82-4B85-BA19-0130BAF9651F}.Debug|Mixed Platforms.ActiveCfg = Debug|Win32
		{B67CB85F-CE82-4B85-BA19-0130BAF9651F}.Debug|Mixed Platforms.Build.0 = Debug|Win32
		{B67CB85F-CE82-4B85-BA19-0130BAF9651F}.Debug|Win32.ActiveCfg = Debug|Win32
		{B67CB85F-CE82-4B85-BA19-0130BAF9651F}.Debug|Win32.Build.0 = Debug|Win32
		{B67CB85F-CE82-4B85-BA19-0130BAF9651F}.Debug|x64.ActiveCfg = Debug|x64
		{B67CB85F-CE82-4B85-BA19-0130BAF9651F}.Debug|x64.Build.0 = Debug|x64
		{B67CB85F-CE82-4B85-BA19-0130BAF9651F}.Release|Mixed Platforms.ActiveCfg = Release|Win32
		{B67CB85F-CE82-4B85-BA19-0130BAF9651F}.Release|Mixed Platforms.Build.0 = Release|Win32
		{B67CB85F-CE82-4B85-BA19-0130BAF9651F}.Release|Win32.ActiveCfg = Release|Win32
		{B67CB85F-CE82-4B85-BA19-0130BAF9651F}.Release|Win32.Build.0 = Release|Win32
		{B67CB85F-CE82-4B85-BA19-0130BAF9651F}.Release|x64.ActiveCfg = Release|x64
		{B67CB85F-CE82-4B85-BA19-0130BAF9651F}.Release|x64.Build.0 = Release|x64
		{B8181C0E-DF65-4295-A415-8356A111F0D6}.Debug|Mixed Platforms.ActiveCfg = Debug|Win32
		{B8181C0E-DF65-4295-A415-8356A111F0D6}.Debug|Mixed Platforms.Build.0 = Debug|Win32
		{B8181C0E-DF65-4295-A415-8356A111F0D6}.Debug|Win32.ActiveCfg = Debug|Win32
		{B8181C0E-DF65-4295-A415-8356A111F0D6}.Debug|Win32.Build.0 = Debug|Win32
		{B8181C0E-DF65-4295-A415-8356A111F0D6}.Debug|x64.ActiveCfg = Debug|x64
		{B8181C0E-DF65-4295-A415-8356A111F0D6}.Debug|x64.Build.0 = Debug|x64
		{B8181C0E-DF65-4295-A415-8356A111F0D6}.Release|Mixed Platforms.ActiveCfg = Release|Win32
		{B8181C0E-DF65-4295-A415-8356A111F0D6}.Release|Mixed Platforms.Build.0 = Release|Win32
		{B8181C0E-DF65-4295-A415-8356A111F0D6}.Release|Win32.ActiveCfg = Release|Win32
		{B8181C0E-DF65-4295-A415-8356A111F0D6}.Release|Win32.Build.0 = Release|Win32
		{B8181C0E-DF65-4295-A415-8356A111F0D6}.Release|x64.ActiveCfg = Release|x64
		{B8181C0E-DF65-4295-A415-8356A111F0D6}.Release|x64.Build.0 = Release|x64
	EndGlobalSection
	GlobalSection(SolutionProperties) = preSolution
		HideSolutionNode = FALSE
	EndGlobalSection
EndGlobal
